// !$*UTF8*$!
{
	archiveVersion = 1;
	classes = {
	};
	objectVersion = 56;
	objects = {

/* Begin PBXBuildFile section */
		F301F7452B9030AC0038FD5E /* ContentView.swift in Sources */ = {isa = PBXBuildFile; fileRef = F301F7442B9030AC0038FD5E /* ContentView.swift */; };
		F301F7472B903C360038FD5E /* HealthData.swift in Sources */ = {isa = PBXBuildFile; fileRef = F301F7462B903C360038FD5E /* HealthData.swift */; };
		F3E733DF2B82BA380001FB4B /* App.swift in Sources */ = {isa = PBXBuildFile; fileRef = F3E733DE2B82BA380001FB4B /* App.swift */; };
		F3E733E12B82BA380001FB4B /* BLE.swift in Sources */ = {isa = PBXBuildFile; fileRef = F3E733E02B82BA380001FB4B /* BLE.swift */; };
		F3E733E32B82BA390001FB4B /* Assets.xcassets in Resources */ = {isa = PBXBuildFile; fileRef = F3E733E22B82BA390001FB4B /* Assets.xcassets */; };
		F3E733E62B82BA390001FB4B /* Preview Assets.xcassets in Resources */ = {isa = PBXBuildFile; fileRef = F3E733E52B82BA390001FB4B /* Preview Assets.xcassets */; };
		F3E733F02B82BA390001FB4B /* ISM_AppTests.swift in Sources */ = {isa = PBXBuildFile; fileRef = F3E733EF2B82BA390001FB4B /* ISM_AppTests.swift */; };
		F3E733FA2B82BA390001FB4B /* ISM_AppUITests.swift in Sources */ = {isa = PBXBuildFile; fileRef = F3E733F92B82BA390001FB4B /* ISM_AppUITests.swift */; };
		F3E733FC2B82BA390001FB4B /* ISM_AppUITestsLaunchTests.swift in Sources */ = {isa = PBXBuildFile; fileRef = F3E733FB2B82BA390001FB4B /* ISM_AppUITestsLaunchTests.swift */; };
/* End PBXBuildFile section */

/* Begin PBXContainerItemProxy section */
		F3E733EC2B82BA390001FB4B /* PBXContainerItemProxy */ = {
			isa = PBXContainerItemProxy;
			containerPortal = F3E733D32B82BA380001FB4B /* Project object */;
			proxyType = 1;
			remoteGlobalIDString = F3E733DA2B82BA380001FB4B;
			remoteInfo = "ISM App";
		};
		F3E733F62B82BA390001FB4B /* PBXContainerItemProxy */ = {
			isa = PBXContainerItemProxy;
			containerPortal = F3E733D32B82BA380001FB4B /* Project object */;
			proxyType = 1;
			remoteGlobalIDString = F3E733DA2B82BA380001FB4B;
			remoteInfo = "ISM App";
		};
/* End PBXContainerItemProxy section */

/* Begin PBXFileReference section */
		F301F7442B9030AC0038FD5E /* ContentView.swift */ = {isa = PBXFileReference; lastKnownFileType = sourcecode.swift; path = ContentView.swift; sourceTree = "<group>"; };
		F301F7462B903C360038FD5E /* HealthData.swift */ = {isa = PBXFileReference; lastKnownFileType = sourcecode.swift; path = HealthData.swift; sourceTree = "<group>"; };
		F3E3701E2B92479B001D1D4B /* ISM_App.entitlements */ = {isa = PBXFileReference; lastKnownFileType = text.plist.entitlements; path = ISM_App.entitlements; sourceTree = "<group>"; };
		F3E733DB2B82BA380001FB4B /* ISM_App.app */ = {isa = PBXFileReference; explicitFileType = wrapper.application; includeInIndex = 0; path = ISM_App.app; sourceTree = BUILT_PRODUCTS_DIR; };
		F3E733DE2B82BA380001FB4B /* App.swift */ = {isa = PBXFileReference; lastKnownFileType = sourcecode.swift; path = App.swift; sourceTree = "<group>"; };
		F3E733E02B82BA380001FB4B /* BLE.swift */ = {isa = PBXFileReference; lastKnownFileType = sourcecode.swift; path = BLE.swift; sourceTree = "<group>"; };
		F3E733E22B82BA390001FB4B /* Assets.xcassets */ = {isa = PBXFileReference; lastKnownFileType = folder.assetcatalog; path = Assets.xcassets; sourceTree = "<group>"; };
		F3E733E52B82BA390001FB4B /* Preview Assets.xcassets */ = {isa = PBXFileReference; lastKnownFileType = folder.assetcatalog; path = "Preview Assets.xcassets"; sourceTree = "<group>"; };
		F3E733EB2B82BA390001FB4B /* ISM_AppTests.xctest */ = {isa = PBXFileReference; explicitFileType = wrapper.cfbundle; includeInIndex = 0; path = ISM_AppTests.xctest; sourceTree = BUILT_PRODUCTS_DIR; };
		F3E733EF2B82BA390001FB4B /* ISM_AppTests.swift */ = {isa = PBXFileReference; lastKnownFileType = sourcecode.swift; path = ISM_AppTests.swift; sourceTree = "<group>"; };
		F3E733F52B82BA390001FB4B /* ISM_AppUITests.xctest */ = {isa = PBXFileReference; explicitFileType = wrapper.cfbundle; includeInIndex = 0; path = ISM_AppUITests.xctest; sourceTree = BUILT_PRODUCTS_DIR; };
		F3E733F92B82BA390001FB4B /* ISM_AppUITests.swift */ = {isa = PBXFileReference; lastKnownFileType = sourcecode.swift; path = ISM_AppUITests.swift; sourceTree = "<group>"; };
		F3E733FB2B82BA390001FB4B /* ISM_AppUITestsLaunchTests.swift */ = {isa = PBXFileReference; lastKnownFileType = sourcecode.swift; path = ISM_AppUITestsLaunchTests.swift; sourceTree = "<group>"; };
/* End PBXFileReference section */

/* Begin PBXFrameworksBuildPhase section */
		F3E733D82B82BA380001FB4B /* Frameworks */ = {
			isa = PBXFrameworksBuildPhase;
			buildActionMask = 2147483647;
			files = (
			);
			runOnlyForDeploymentPostprocessing = 0;
		};
		F3E733E82B82BA390001FB4B /* Frameworks */ = {
			isa = PBXFrameworksBuildPhase;
			buildActionMask = 2147483647;
			files = (
			);
			runOnlyForDeploymentPostprocessing = 0;
		};
		F3E733F22B82BA390001FB4B /* Frameworks */ = {
			isa = PBXFrameworksBuildPhase;
			buildActionMask = 2147483647;
			files = (
			);
			runOnlyForDeploymentPostprocessing = 0;
		};
/* End PBXFrameworksBuildPhase section */

/* Begin PBXGroup section */
		F3E733D22B82BA380001FB4B = {
			isa = PBXGroup;
			children = (
				F3E733DD2B82BA380001FB4B /* ISM_App */,
				F3E733EE2B82BA390001FB4B /* ISM AppTests */,
				F3E733F82B82BA390001FB4B /* ISM AppUITests */,
				F3E733DC2B82BA380001FB4B /* Products */,
			);
			sourceTree = "<group>";
		};
		F3E733DC2B82BA380001FB4B /* Products */ = {
			isa = PBXGroup;
			children = (
				F3E733DB2B82BA380001FB4B /* ISM_App.app */,
				F3E733EB2B82BA390001FB4B /* ISM_AppTests.xctest */,
				F3E733F52B82BA390001FB4B /* ISM_AppUITests.xctest */,
			);
			name = Products;
			sourceTree = "<group>";
		};
		F3E733DD2B82BA380001FB4B /* ISM_App */ = {
			isa = PBXGroup;
			children = (
				F3E3701E2B92479B001D1D4B /* ISM_App.entitlements */,
				F3E733DE2B82BA380001FB4B /* App.swift */,
				F301F7462B903C360038FD5E /* HealthData.swift */,
				F3E733E02B82BA380001FB4B /* BLE.swift */,
				F301F7442B9030AC0038FD5E /* ContentView.swift */,
				F3E733E22B82BA390001FB4B /* Assets.xcassets */,
				F3E733E42B82BA390001FB4B /* Preview Content */,
			);
			path = ISM_App;
			sourceTree = "<group>";
		};
		F3E733E42B82BA390001FB4B /* Preview Content */ = {
			isa = PBXGroup;
			children = (
				F3E733E52B82BA390001FB4B /* Preview Assets.xcassets */,
			);
			path = "Preview Content";
			sourceTree = "<group>";
		};
		F3E733EE2B82BA390001FB4B /* ISM AppTests */ = {
			isa = PBXGroup;
			children = (
				F3E733EF2B82BA390001FB4B /* ISM_AppTests.swift */,
			);
			path = "ISM AppTests";
			sourceTree = "<group>";
		};
		F3E733F82B82BA390001FB4B /* ISM AppUITests */ = {
			isa = PBXGroup;
			children = (
				F3E733F92B82BA390001FB4B /* ISM_AppUITests.swift */,
				F3E733FB2B82BA390001FB4B /* ISM_AppUITestsLaunchTests.swift */,
			);
			path = "ISM AppUITests";
			sourceTree = "<group>";
		};
/* End PBXGroup section */

/* Begin PBXNativeTarget section */
		F3E733DA2B82BA380001FB4B /* ISM_App */ = {
			isa = PBXNativeTarget;
			buildConfigurationList = F3E733FF2B82BA3A0001FB4B /* Build configuration list for PBXNativeTarget "ISM_App" */;
			buildPhases = (
				F3E733D72B82BA380001FB4B /* Sources */,
				F3E733D82B82BA380001FB4B /* Frameworks */,
				F3E733D92B82BA380001FB4B /* Resources */,
			);
			buildRules = (
			);
			dependencies = (
			);
			name = ISM_App;
			productName = "ISM App";
			productReference = F3E733DB2B82BA380001FB4B /* ISM_App.app */;
			productType = "com.apple.product-type.application";
		};
		F3E733EA2B82BA390001FB4B /* ISM_AppTests */ = {
			isa = PBXNativeTarget;
			buildConfigurationList = F3E734022B82BA3A0001FB4B /* Build configuration list for PBXNativeTarget "ISM_AppTests" */;
			buildPhases = (
				F3E733E72B82BA390001FB4B /* Sources */,
				F3E733E82B82BA390001FB4B /* Frameworks */,
				F3E733E92B82BA390001FB4B /* Resources */,
			);
			buildRules = (
			);
			dependencies = (
				F3E733ED2B82BA390001FB4B /* PBXTargetDependency */,
			);
			name = ISM_AppTests;
			productName = "ISM AppTests";
			productReference = F3E733EB2B82BA390001FB4B /* ISM_AppTests.xctest */;
			productType = "com.apple.product-type.bundle.unit-test";
		};
		F3E733F42B82BA390001FB4B /* ISM_AppUITests */ = {
			isa = PBXNativeTarget;
			buildConfigurationList = F3E734052B82BA3A0001FB4B /* Build configuration list for PBXNativeTarget "ISM_AppUITests" */;
			buildPhases = (
				F3E733F12B82BA390001FB4B /* Sources */,
				F3E733F22B82BA390001FB4B /* Frameworks */,
				F3E733F32B82BA390001FB4B /* Resources */,
			);
			buildRules = (
			);
			dependencies = (
				F3E733F72B82BA390001FB4B /* PBXTargetDependency */,
			);
			name = ISM_AppUITests;
			productName = "ISM AppUITests";
			productReference = F3E733F52B82BA390001FB4B /* ISM_AppUITests.xctest */;
			productType = "com.apple.product-type.bundle.ui-testing";
		};
/* End PBXNativeTarget section */

/* Begin PBXProject section */
		F3E733D32B82BA380001FB4B /* Project object */ = {
			isa = PBXProject;
			attributes = {
				BuildIndependentTargetsInParallel = 1;
				LastSwiftUpdateCheck = 1520;
				LastUpgradeCheck = 1520;
				TargetAttributes = {
					F3E733DA2B82BA380001FB4B = {
						CreatedOnToolsVersion = 15.2;
					};
					F3E733EA2B82BA390001FB4B = {
						CreatedOnToolsVersion = 15.2;
						TestTargetID = F3E733DA2B82BA380001FB4B;
					};
					F3E733F42B82BA390001FB4B = {
						CreatedOnToolsVersion = 15.2;
						TestTargetID = F3E733DA2B82BA380001FB4B;
					};
				};
			};
			buildConfigurationList = F3E733D62B82BA380001FB4B /* Build configuration list for PBXProject "ISM_App" */;
			compatibilityVersion = "Xcode 14.0";
			developmentRegion = en;
			hasScannedForEncodings = 0;
			knownRegions = (
				en,
				Base,
			);
			mainGroup = F3E733D22B82BA380001FB4B;
			productRefGroup = F3E733DC2B82BA380001FB4B /* Products */;
			projectDirPath = "";
			projectRoot = "";
			targets = (
				F3E733DA2B82BA380001FB4B /* ISM_App */,
				F3E733EA2B82BA390001FB4B /* ISM_AppTests */,
				F3E733F42B82BA390001FB4B /* ISM_AppUITests */,
			);
		};
/* End PBXProject section */

/* Begin PBXResourcesBuildPhase section */
		F3E733D92B82BA380001FB4B /* Resources */ = {
			isa = PBXResourcesBuildPhase;
			buildActionMask = 2147483647;
			files = (
				F3E733E62B82BA390001FB4B /* Preview Assets.xcassets in Resources */,
				F3E733E32B82BA390001FB4B /* Assets.xcassets in Resources */,
			);
			runOnlyForDeploymentPostprocessing = 0;
		};
		F3E733E92B82BA390001FB4B /* Resources */ = {
			isa = PBXResourcesBuildPhase;
			buildActionMask = 2147483647;
			files = (
			);
			runOnlyForDeploymentPostprocessing = 0;
		};
		F3E733F32B82BA390001FB4B /* Resources */ = {
			isa = PBXResourcesBuildPhase;
			buildActionMask = 2147483647;
			files = (
			);
			runOnlyForDeploymentPostprocessing = 0;
		};
/* End PBXResourcesBuildPhase section */

/* Begin PBXSourcesBuildPhase section */
		F3E733D72B82BA380001FB4B /* Sources */ = {
			isa = PBXSourcesBuildPhase;
			buildActionMask = 2147483647;
			files = (
				F3E733E12B82BA380001FB4B /* BLE.swift in Sources */,
				F3E733DF2B82BA380001FB4B /* App.swift in Sources */,
				F301F7452B9030AC0038FD5E /* ContentView.swift in Sources */,
				F301F7472B903C360038FD5E /* HealthData.swift in Sources */,
			);
			runOnlyForDeploymentPostprocessing = 0;
		};
		F3E733E72B82BA390001FB4B /* Sources */ = {
			isa = PBXSourcesBuildPhase;
			buildActionMask = 2147483647;
			files = (
				F3E733F02B82BA390001FB4B /* ISM_AppTests.swift in Sources */,
			);
			runOnlyForDeploymentPostprocessing = 0;
		};
		F3E733F12B82BA390001FB4B /* Sources */ = {
			isa = PBXSourcesBuildPhase;
			buildActionMask = 2147483647;
			files = (
				F3E733FC2B82BA390001FB4B /* ISM_AppUITestsLaunchTests.swift in Sources */,
				F3E733FA2B82BA390001FB4B /* ISM_AppUITests.swift in Sources */,
			);
			runOnlyForDeploymentPostprocessing = 0;
		};
/* End PBXSourcesBuildPhase section */

/* Begin PBXTargetDependency section */
		F3E733ED2B82BA390001FB4B /* PBXTargetDependency */ = {
			isa = PBXTargetDependency;
			target = F3E733DA2B82BA380001FB4B /* ISM_App */;
			targetProxy = F3E733EC2B82BA390001FB4B /* PBXContainerItemProxy */;
		};
		F3E733F72B82BA390001FB4B /* PBXTargetDependency */ = {
			isa = PBXTargetDependency;
			target = F3E733DA2B82BA380001FB4B /* ISM_App */;
			targetProxy = F3E733F62B82BA390001FB4B /* PBXContainerItemProxy */;
		};
/* End PBXTargetDependency section */

/* Begin XCBuildConfiguration section */
		F3E733FD2B82BA390001FB4B /* Debug */ = {
			isa = XCBuildConfiguration;
			buildSettings = {
				ALWAYS_SEARCH_USER_PATHS = NO;
				ASSETCATALOG_COMPILER_GENERATE_SWIFT_ASSET_SYMBOL_EXTENSIONS = YES;
				CLANG_ANALYZER_NONNULL = YES;
				CLANG_ANALYZER_NUMBER_OBJECT_CONVERSION = YES_AGGRESSIVE;
				CLANG_CXX_LANGUAGE_STANDARD = "gnu++20";
				CLANG_ENABLE_MODULES = YES;
				CLANG_ENABLE_OBJC_ARC = YES;
				CLANG_ENABLE_OBJC_WEAK = YES;
				CLANG_WARN_BLOCK_CAPTURE_AUTORELEASING = YES;
				CLANG_WARN_BOOL_CONVERSION = YES;
				CLANG_WARN_COMMA = YES;
				CLANG_WARN_CONSTANT_CONVERSION = YES;
				CLANG_WARN_DEPRECATED_OBJC_IMPLEMENTATIONS = YES;
				CLANG_WARN_DIRECT_OBJC_ISA_USAGE = YES_ERROR;
				CLANG_WARN_DOCUMENTATION_COMMENTS = YES;
				CLANG_WARN_EMPTY_BODY = YES;
				CLANG_WARN_ENUM_CONVERSION = YES;
				CLANG_WARN_INFINITE_RECURSION = YES;
				CLANG_WARN_INT_CONVERSION = YES;
				CLANG_WARN_NON_LITERAL_NULL_CONVERSION = YES;
				CLANG_WARN_OBJC_IMPLICIT_RETAIN_SELF = YES;
				CLANG_WARN_OBJC_LITERAL_CONVERSION = YES;
				CLANG_WARN_OBJC_ROOT_CLASS = YES_ERROR;
				CLANG_WARN_QUOTED_INCLUDE_IN_FRAMEWORK_HEADER = YES;
				CLANG_WARN_RANGE_LOOP_ANALYSIS = YES;
				CLANG_WARN_STRICT_PROTOTYPES = YES;
				CLANG_WARN_SUSPICIOUS_MOVE = YES;
				CLANG_WARN_UNGUARDED_AVAILABILITY = YES_AGGRESSIVE;
				CLANG_WARN_UNREACHABLE_CODE = YES;
				CLANG_WARN__DUPLICATE_METHOD_MATCH = YES;
				COPY_PHASE_STRIP = NO;
				DEBUG_INFORMATION_FORMAT = dwarf;
				ENABLE_STRICT_OBJC_MSGSEND = YES;
				ENABLE_TESTABILITY = YES;
				ENABLE_USER_SCRIPT_SANDBOXING = YES;
				GCC_C_LANGUAGE_STANDARD = gnu17;
				GCC_DYNAMIC_NO_PIC = NO;
				GCC_NO_COMMON_BLOCKS = YES;
				GCC_OPTIMIZATION_LEVEL = 0;
				GCC_PREPROCESSOR_DEFINITIONS = (
					"DEBUG=1",
					"$(inherited)",
				);
				GCC_WARN_64_TO_32_BIT_CONVERSION = YES;
				GCC_WARN_ABOUT_RETURN_TYPE = YES_ERROR;
				GCC_WARN_UNDECLARED_SELECTOR = YES;
				GCC_WARN_UNINITIALIZED_AUTOS = YES_AGGRESSIVE;
				GCC_WARN_UNUSED_FUNCTION = YES;
				GCC_WARN_UNUSED_VARIABLE = YES;
				IPHONEOS_DEPLOYMENT_TARGET = 17.2;
				LOCALIZATION_PREFERS_STRING_CATALOGS = YES;
				MTL_ENABLE_DEBUG_INFO = INCLUDE_SOURCE;
				MTL_FAST_MATH = YES;
				ONLY_ACTIVE_ARCH = YES;
				SDKROOT = iphoneos;
				SWIFT_ACTIVE_COMPILATION_CONDITIONS = "DEBUG $(inherited)";
				SWIFT_OPTIMIZATION_LEVEL = "-Onone";
			};
			name = Debug;
		};
		F3E733FE2B82BA390001FB4B /* Release */ = {
			isa = XCBuildConfiguration;
			buildSettings = {
				ALWAYS_SEARCH_USER_PATHS = NO;
				ASSETCATALOG_COMPILER_GENERATE_SWIFT_ASSET_SYMBOL_EXTENSIONS = YES;
				CLANG_ANALYZER_NONNULL = YES;
				CLANG_ANALYZER_NUMBER_OBJECT_CONVERSION = YES_AGGRESSIVE;
				CLANG_CXX_LANGUAGE_STANDARD = "gnu++20";
				CLANG_ENABLE_MODULES = YES;
				CLANG_ENABLE_OBJC_ARC = YES;
				CLANG_ENABLE_OBJC_WEAK = YES;
				CLANG_WARN_BLOCK_CAPTURE_AUTORELEASING = YES;
				CLANG_WARN_BOOL_CONVERSION = YES;
				CLANG_WARN_COMMA = YES;
				CLANG_WARN_CONSTANT_CONVERSION = YES;
				CLANG_WARN_DEPRECATED_OBJC_IMPLEMENTATIONS = YES;
				CLANG_WARN_DIRECT_OBJC_ISA_USAGE = YES_ERROR;
				CLANG_WARN_DOCUMENTATION_COMMENTS = YES;
				CLANG_WARN_EMPTY_BODY = YES;
				CLANG_WARN_ENUM_CONVERSION = YES;
				CLANG_WARN_INFINITE_RECURSION = YES;
				CLANG_WARN_INT_CONVERSION = YES;
				CLANG_WARN_NON_LITERAL_NULL_CONVERSION = YES;
				CLANG_WARN_OBJC_IMPLICIT_RETAIN_SELF = YES;
				CLANG_WARN_OBJC_LITERAL_CONVERSION = YES;
				CLANG_WARN_OBJC_ROOT_CLASS = YES_ERROR;
				CLANG_WARN_QUOTED_INCLUDE_IN_FRAMEWORK_HEADER = YES;
				CLANG_WARN_RANGE_LOOP_ANALYSIS = YES;
				CLANG_WARN_STRICT_PROTOTYPES = YES;
				CLANG_WARN_SUSPICIOUS_MOVE = YES;
				CLANG_WARN_UNGUARDED_AVAILABILITY = YES_AGGRESSIVE;
				CLANG_WARN_UNREACHABLE_CODE = YES;
				CLANG_WARN__DUPLICATE_METHOD_MATCH = YES;
				COPY_PHASE_STRIP = NO;
				DEBUG_INFORMATION_FORMAT = "dwarf-with-dsym";
				ENABLE_NS_ASSERTIONS = NO;
				ENABLE_STRICT_OBJC_MSGSEND = YES;
				ENABLE_USER_SCRIPT_SANDBOXING = YES;
				GCC_C_LANGUAGE_STANDARD = gnu17;
				GCC_NO_COMMON_BLOCKS = YES;
				GCC_WARN_64_TO_32_BIT_CONVERSION = YES;
				GCC_WARN_ABOUT_RETURN_TYPE = YES_ERROR;
				GCC_WARN_UNDECLARED_SELECTOR = YES;
				GCC_WARN_UNINITIALIZED_AUTOS = YES_AGGRESSIVE;
				GCC_WARN_UNUSED_FUNCTION = YES;
				GCC_WARN_UNUSED_VARIABLE = YES;
				IPHONEOS_DEPLOYMENT_TARGET = 17.2;
				LOCALIZATION_PREFERS_STRING_CATALOGS = YES;
				MTL_ENABLE_DEBUG_INFO = NO;
				MTL_FAST_MATH = YES;
				SDKROOT = iphoneos;
				SWIFT_COMPILATION_MODE = wholemodule;
				VALIDATE_PRODUCT = YES;
			};
			name = Release;
		};
		F3E734002B82BA3A0001FB4B /* Debug */ = {
			isa = XCBuildConfiguration;
			buildSettings = {
				ASSETCATALOG_COMPILER_APPICON_NAME = AppIcon;
				ASSETCATALOG_COMPILER_GLOBAL_ACCENT_COLOR_NAME = AccentColor;
				CODE_SIGN_ENTITLEMENTS = ISM_App/ISM_App.entitlements;
				CODE_SIGN_IDENTITY = "Apple Development";
				CODE_SIGN_STYLE = Automatic;
				CURRENT_PROJECT_VERSION = 1;
				DEVELOPMENT_ASSET_PATHS = "\"ISM_App/Preview Content\"";
				DEVELOPMENT_TEAM = ZGGV6E3YS4;
				ENABLE_PREVIEWS = YES;
				GENERATE_INFOPLIST_FILE = YES;
				INFOPLIST_FILE = "ISM-App-Info.plist";
				INFOPLIST_KEY_LSApplicationCategoryType = "";
				INFOPLIST_KEY_NSBluetoothAlwaysUsageDescription = "Allow for Bluetooth use.";
				INFOPLIST_KEY_NSBluetoothPeripheralUsageDescription = "Please allow using Bluetooth to discover the mirror.";
				INFOPLIST_KEY_NSHealthClinicalHealthRecordsShareUsageDescription = "Your health data records are needed on the ISM.";
				INFOPLIST_KEY_NSHealthShareUsageDescription = "Your health data will be shared to the ISM.";
				INFOPLIST_KEY_NSHealthUpdateUsageDescription = "Your health data will be used on the ISM.";
				INFOPLIST_KEY_UIApplicationSceneManifest_Generation = YES;
				INFOPLIST_KEY_UIApplicationSupportsIndirectInputEvents = YES;
				INFOPLIST_KEY_UILaunchScreen_Generation = YES;
				INFOPLIST_KEY_UISupportedInterfaceOrientations_iPad = "UIInterfaceOrientationPortrait UIInterfaceOrientationPortraitUpsideDown UIInterfaceOrientationLandscapeLeft UIInterfaceOrientationLandscapeRight";
				INFOPLIST_KEY_UISupportedInterfaceOrientations_iPhone = "UIInterfaceOrientationPortrait UIInterfaceOrientationLandscapeLeft UIInterfaceOrientationLandscapeRight";
				LD_RUNPATH_SEARCH_PATHS = (
					"$(inherited)",
					"@executable_path/Frameworks",
				);
				MARKETING_VERSION = 1.0;
				NEW_SETTING = "";
				PRODUCT_BUNDLE_IDENTIFIER = "Senior-Design.ISM-App2024";
				PRODUCT_NAME = "$(TARGET_NAME)";
				PROVISIONING_PROFILE_SPECIFIER = "";
				SUPPORTED_PLATFORMS = "iphoneos iphonesimulator";
				SUPPORTS_MACCATALYST = NO;
				SUPPORTS_MAC_DESIGNED_FOR_IPHONE_IPAD = NO;
				SUPPORTS_XR_DESIGNED_FOR_IPHONE_IPAD = NO;
				SWIFT_EMIT_LOC_STRINGS = YES;
				SWIFT_VERSION = 5.0;
				TARGETED_DEVICE_FAMILY = "1,2";
			};
			name = Debug;
		};
		F3E734012B82BA3A0001FB4B /* Release */ = {
			isa = XCBuildConfiguration;
			buildSettings = {
				ASSETCATALOG_COMPILER_APPICON_NAME = AppIcon;
				ASSETCATALOG_COMPILER_GLOBAL_ACCENT_COLOR_NAME = AccentColor;
				CODE_SIGN_ENTITLEMENTS = ISM_App/ISM_App.entitlements;
				CODE_SIGN_STYLE = Automatic;
				CURRENT_PROJECT_VERSION = 1;
				DEVELOPMENT_ASSET_PATHS = "\"ISM_App/Preview Content\"";
				DEVELOPMENT_TEAM = ZGGV6E3YS4;
				ENABLE_PREVIEWS = YES;
				GENERATE_INFOPLIST_FILE = YES;
				INFOPLIST_FILE = "ISM-App-Info.plist";
				INFOPLIST_KEY_LSApplicationCategoryType = "";
				INFOPLIST_KEY_NSBluetoothAlwaysUsageDescription = "Allow for Bluetooth use.";
				INFOPLIST_KEY_NSBluetoothPeripheralUsageDescription = "Please allow using Bluetooth to discover the mirror.";
				INFOPLIST_KEY_NSHealthClinicalHealthRecordsShareUsageDescription = "Your health data records are needed on the ISM.";
				INFOPLIST_KEY_NSHealthShareUsageDescription = "Your health data will be shared to the ISM.";
				INFOPLIST_KEY_NSHealthUpdateUsageDescription = "Your health data will be used on the ISM.";
				INFOPLIST_KEY_UIApplicationSceneManifest_Generation = YES;
				INFOPLIST_KEY_UIApplicationSupportsIndirectInputEvents = YES;
				INFOPLIST_KEY_UILaunchScreen_Generation = YES;
				INFOPLIST_KEY_UISupportedInterfaceOrientations_iPad = "UIInterfaceOrientationPortrait UIInterfaceOrientationPortraitUpsideDown UIInterfaceOrientationLandscapeLeft UIInterfaceOrientationLandscapeRight";
				INFOPLIST_KEY_UISupportedInterfaceOrientations_iPhone = "UIInterfaceOrientationPortrait UIInterfaceOrientationLandscapeLeft UIInterfaceOrientationLandscapeRight";
				LD_RUNPATH_SEARCH_PATHS = (
					"$(inherited)",
					"@executable_path/Frameworks",
				);
				MARKETING_VERSION = 1.0;
				NEW_SETTING = "";
				PRODUCT_BUNDLE_IDENTIFIER = "Senior-Design.ISM-App2024";
				PRODUCT_NAME = "$(TARGET_NAME)";
				SUPPORTED_PLATFORMS = "iphoneos iphonesimulator";
				SUPPORTS_MACCATALYST = NO;
				SUPPORTS_MAC_DESIGNED_FOR_IPHONE_IPAD = NO;
				SUPPORTS_XR_DESIGNED_FOR_IPHONE_IPAD = NO;
				SWIFT_EMIT_LOC_STRINGS = YES;
				SWIFT_VERSION = 5.0;
				TARGETED_DEVICE_FAMILY = "1,2";
			};
			name = Release;
		};
		F3E734032B82BA3A0001FB4B /* Debug */ = {
			isa = XCBuildConfiguration;
			buildSettings = {
				ALWAYS_EMBED_SWIFT_STANDARD_LIBRARIES = YES;
				BUNDLE_LOADER = "$(TEST_HOST)";
				CODE_SIGN_STYLE = Automatic;
				CURRENT_PROJECT_VERSION = 1;
				GENERATE_INFOPLIST_FILE = YES;
				IPHONEOS_DEPLOYMENT_TARGET = 17.2;
				MARKETING_VERSION = 1.0;
				PRODUCT_BUNDLE_IDENTIFIER = "Senior-Design.ISM-AppTests";
				PRODUCT_NAME = "$(TARGET_NAME)";
				SWIFT_EMIT_LOC_STRINGS = NO;
				SWIFT_VERSION = 5.0;
				TARGETED_DEVICE_FAMILY = "1,2";
				TEST_HOST = "$(BUILT_PRODUCTS_DIR)/ISM_App.app/$(BUNDLE_EXECUTABLE_FOLDER_PATH)/ISM_App";
			};
			name = Debug;
		};
		F3E734042B82BA3A0001FB4B /* Release */ = {
			isa = XCBuildConfiguration;
			buildSettings = {
				ALWAYS_EMBED_SWIFT_STANDARD_LIBRARIES = YES;
				BUNDLE_LOADER = "$(TEST_HOST)";
				CODE_SIGN_STYLE = Automatic;
				CURRENT_PROJECT_VERSION = 1;
				GENERATE_INFOPLIST_FILE = YES;
				IPHONEOS_DEPLOYMENT_TARGET = 17.2;
				MARKETING_VERSION = 1.0;
				PRODUCT_BUNDLE_IDENTIFIER = "Senior-Design.ISM-AppTests";
				PRODUCT_NAME = "$(TARGET_NAME)";
				SWIFT_EMIT_LOC_STRINGS = NO;
				SWIFT_VERSION = 5.0;
				TARGETED_DEVICE_FAMILY = "1,2";
				TEST_HOST = "$(BUILT_PRODUCTS_DIR)/ISM_App.app/$(BUNDLE_EXECUTABLE_FOLDER_PATH)/ISM_App";
			};
			name = Release;
		};
		F3E734062B82BA3A0001FB4B /* Debug */ = {
			isa = XCBuildConfiguration;
			buildSettings = {
				ALWAYS_EMBED_SWIFT_STANDARD_LIBRARIES = YES;
				CODE_SIGN_STYLE = Automatic;
				CURRENT_PROJECT_VERSION = 1;
				GENERATE_INFOPLIST_FILE = YES;
				MARKETING_VERSION = 1.0;
				PRODUCT_BUNDLE_IDENTIFIER = "Senior-Design.ISM-AppUITests";
				PRODUCT_NAME = "$(TARGET_NAME)";
				SWIFT_EMIT_LOC_STRINGS = NO;
				SWIFT_VERSION = 5.0;
				TARGETED_DEVICE_FAMILY = "1,2";
				TEST_TARGET_NAME = "ISM App";
			};
			name = Debug;
		};
		F3E734072B82BA3A0001FB4B /* Release */ = {
			isa = XCBuildConfiguration;
			buildSettings = {
				ALWAYS_EMBED_SWIFT_STANDARD_LIBRARIES = YES;
				CODE_SIGN_STYLE = Automatic;
				CURRENT_PROJECT_VERSION = 1;
				GENERATE_INFOPLIST_FILE = YES;
				MARKETING_VERSION = 1.0;
				PRODUCT_BUNDLE_IDENTIFIER = "Senior-Design.ISM-AppUITests";
				PRODUCT_NAME = "$(TARGET_NAME)";
				SWIFT_EMIT_LOC_STRINGS = NO;
				SWIFT_VERSION = 5.0;
				TARGETED_DEVICE_FAMILY = "1,2";
				TEST_TARGET_NAME = "ISM App";
			};
			name = Release;
		};
/* End XCBuildConfiguration section */

/* Begin XCConfigurationList section */
		F3E733D62B82BA380001FB4B /* Build configuration list for PBXProject "ISM_App" */ = {
			isa = XCConfigurationList;
			buildConfigurations = (
				F3E733FD2B82BA390001FB4B /* Debug */,
				F3E733FE2B82BA390001FB4B /* Release */,
			);
			defaultConfigurationIsVisible = 0;
			defaultConfigurationName = Release;
		};
		F3E733FF2B82BA3A0001FB4B /* Build configuration list for PBXNativeTarget "ISM_App" */ = {
			isa = XCConfigurationList;
			buildConfigurations = (
				F3E734002B82BA3A0001FB4B /* Debug */,
				F3E734012B82BA3A0001FB4B /* Release */,
			);
			defaultConfigurationIsVisible = 0;
			defaultConfigurationName = Release;
		};
		F3E734022B82BA3A0001FB4B /* Build configuration list for PBXNativeTarget "ISM_AppTests" */ = {
			isa = XCConfigurationList;
			buildConfigurations = (
				F3E734032B82BA3A0001FB4B /* Debug */,
				F3E734042B82BA3A0001FB4B /* Release */,
			);
			defaultConfigurationIsVisible = 0;
			defaultConfigurationName = Release;
		};
		F3E734052B82BA3A0001FB4B /* Build configuration list for PBXNativeTarget "ISM_AppUITests" */ = {
			isa = XCConfigurationList;
			buildConfigurations = (
				F3E734062B82BA3A0001FB4B /* Debug */,
				F3E734072B82BA3A0001FB4B /* Release */,
			);
			defaultConfigurationIsVisible = 0;
			defaultConfigurationName = Release;
		};
/* End XCConfigurationList section */
	};
	rootObject = F3E733D32B82BA380001FB4B /* Project object */;
}
